{
  "originHash" : "82ee78cc4811d1d1fd5454a937e317ed8dc6bdd402179dd985b7a5a32494d3ea",
  "pins" : [
    {
      "identity" : "swift-asn1",
      "kind" : "remoteSourceControl",
      "location" : "https://github.com/apple/swift-asn1.git",
      "state" : {
        "revision" : "a9a5efd40eaf558a2bcd48d64b1d1646be686008",
        "version" : "1.7.1"
      }
    },
    {
      "identity" : "swift-crypto",
      "kind" : "remoteSourceControl",
      "location" : "https://github.com/apple/swift-crypto.git",
      "state" : {
        "revision" : "47d3869a7291f085c1fb9fb1e6d3b97a793f45c6",
        "version" : "4.5.1"
      }
    },
    {
      "identity" : "swift-noise",
      "kind" : "remoteSourceControl",
      "location" : "https://github.com/swift-libp2p/swift-noise.git",
      "state" : {
        "revision" : "0adfd28786322784860fb3c8f228591c6e8fd92f",
        "version" : "0.1.1"
      }
    }
  ],
  "version" : 3
}
